
Microsoft Visual Studio Solution File, Format Version 12.00
# Visual Studio Version 17
VisualStudioVersion = 17.0.32014.148
MinimumVisualStudioVersion = 10.0.40219.1
Project("{8BC9CEB8-8B4A-11D0-8D11-00A0C91BC942}") = "LoopFor", "LoopFor\LoopFor.vcxproj", "{DB5224B9-8908-4300-88B7-3E2351DC943A}"
EndProject
Global
	GlobalSection(SolutionConfigurationPlatforms) = preSolution
		Debug|x64 = Debug|x64
		Debug|x86 = Debug|x86
		Release|x64 = Release|x64
		Release|x86 = Release|x86
	EndGlobalSection
	GlobalSection(ProjectConfigurationPlatforms) = postSolution
		{DB5224B9-8908-4300-88B7-3E2351DC943A}.Debug|x64.ActiveCfg = Debug|x64
		{DB5224B9-8908-4300-88B7-3E2351DC943A}.Debug|x64.Build.0 = Debug|x64
		{DB5224B9-8908-4300-88B7-3E2351DC943A}.Debug|x86.ActiveCfg = Debug|Win32
		{DB5224B9-8908-4300-88B7-3E2351DC943A}.Debug|x86.Build.0 = Debug|Win32
		{DB5224B9-8908-4300-88B7-3E2351DC943A}.Release|x64.ActiveCfg = Release|x64
		{DB5224B9-8908-4300-88B7-3E2351DC943A}.Release|x64.Build.0 = Release|x64
		{DB5224B9-8908-4300-88B7-3E2351DC943A}.Release|x86.ActiveCfg = Release|Win32
		{DB5224B9-8908-4300-88B7-3E2351DC943A}.Release|x86.Build.0 = Release|Win32
	EndGlobalSection
	GlobalSection(SolutionProperties) = preSolution
		HideSolutionNode = FALSE
	EndGlobalSection
	GlobalSection(ExtensibilityGlobals) = postSolution
		SolutionGuid = {26434C85-FF1E-4D5C-9122-80BD7E5E27A3}
	EndGlobalSection
EndGlobal
